
Microsoft Visual Studio Solution File, Format Version 12.00
# Visual Studio Version 17
VisualStudioVersion = 17.11.35303.130
MinimumVisualStudioVersion = 10.0.40219.1
Project("{C9674DCB-5085-4A16-B785-4C70DD1589BD}") = "Integration Services Project3", "Integration Services Project3\Integration Services Project3.dtproj", "{2F6EAEA0-F883-49AD-AFFC-F6E4607E30FD}"
EndProject
Global
	GlobalSection(SolutionConfigurationPlatforms) = preSolution
		Development|Default = Development|Default
	EndGlobalSection
	GlobalSection(ProjectConfigurationPlatforms) = postSolution
		{2F6EAEA0-F883-49AD-AFFC-F6E4607E30FD}.Development|Default.ActiveCfg = Development
		{2F6EAEA0-F883-49AD-AFFC-F6E4607E30FD}.Development|Default.Build.0 = Development
	EndGlobalSection
	GlobalSection(SolutionProperties) = preSolution
		HideSolutionNode = FALSE
	EndGlobalSection
	GlobalSection(ExtensibilityGlobals) = postSolution
		SolutionGuid = {4C0F33E1-43C3-436F-A550-A6E121A9A11E}
	EndGlobalSection
EndGlobal
